
Microsoft Visual Studio Solution File, Format Version 12.00
# Visual Studio Version 16
VisualStudioVersion = 16.0.31424.327
MinimumVisualStudioVersion = 10.0.40219.1
Project("{FAE04EC0-301F-11D3-BF4B-00C04F79EFBC}") = "ConsoleApp", "ConsoleApp\ConsoleApp.csproj", "{B5C716F1-E16A-406B-90E0-C0E8E488649F}"
EndProject
Global
	GlobalSection(SolutionConfigurationPlatforms) = preSolution
		Debug|Any CPU = Debug|Any CPU
		Release|Any CPU = Release|Any CPU
	EndGlobalSection
	GlobalSection(ProjectConfigurationPlatforms) = postSolution
		{B5C716F1-E16A-406B-90E0-C0E8E488649F}.Debug|Any CPU.ActiveCfg = Debug|Any CPU
		{B5C716F1-E16A-406B-90E0-C0E8E488649F}.Debug|Any CPU.Build.0 = Debug|Any CPU
		{B5C716F1-E16A-406B-90E0-C0E8E488649F}.Release|Any CPU.ActiveCfg = Release|Any CPU
		{B5C716F1-E16A-406B-90E0-C0E8E488649F}.Release|Any CPU.Build.0 = Release|Any CPU
	EndGlobalSection
	GlobalSection(SolutionProperties) = preSolution
		HideSolutionNode = FALSE
	EndGlobalSection
	GlobalSection(ExtensibilityGlobals) = postSolution
		SolutionGuid = {DEE66127-C767-49A0-941F-5D63D0912804}
	EndGlobalSection
EndGlobal
