
Microsoft Visual Studio Solution File, Format Version 12.00
# Visual Studio Version 16
VisualStudioVersion = 16.0.31424.327
MinimumVisualStudioVersion = 10.0.40219.1
Project("{9092AA53-FB77-4645-B42D-1CCCA6BD08BD}") = "VuejsApp", "VuejsApp\VuejsApp.njsproj", "{68CFDD2C-8B74-45E4-BF93-D82EB4F10C65}"
EndProject
Global
	GlobalSection(SolutionConfigurationPlatforms) = preSolution
		Debug|Any CPU = Debug|Any CPU
		Release|Any CPU = Release|Any CPU
	EndGlobalSection
	GlobalSection(ProjectConfigurationPlatforms) = postSolution
		{68CFDD2C-8B74-45E4-BF93-D82EB4F10C65}.Debug|Any CPU.ActiveCfg = Debug|Any CPU
		{68CFDD2C-8B74-45E4-BF93-D82EB4F10C65}.Debug|Any CPU.Build.0 = Debug|Any CPU
		{68CFDD2C-8B74-45E4-BF93-D82EB4F10C65}.Release|Any CPU.ActiveCfg = Release|Any CPU
		{68CFDD2C-8B74-45E4-BF93-D82EB4F10C65}.Release|Any CPU.Build.0 = Release|Any CPU
	EndGlobalSection
	GlobalSection(SolutionProperties) = preSolution
		HideSolutionNode = FALSE
	EndGlobalSection
	GlobalSection(ExtensibilityGlobals) = postSolution
		SolutionGuid = {BD15C288-FE31-47CB-9C7C-27F70DCAF3CE}
	EndGlobalSection
EndGlobal
